PODS:
  - FirebaseCrashlytics (8.13.0)
  - PeerTalk (0.1.0)

DEPENDENCIES:
  - FirebaseCrashlytics (from `../Unwinding`)
  - PeerTalk (= 0.1.0)

SPEC REPOS:
  trunk:
    - PeerTalk

EXTERNAL SOURCES:
  FirebaseCrashlytics:
    :path: "../Unwinding"

SPEC CHECKSUMS:
  FirebaseCrashlytics: 96b90aadd4f43dd7d7072696377a00865ed1988b
  PeerTalk: 7ad12ee847f28748f8996afdae3add70f7670306

PODFILE CHECKSUM: 067cee106b94af986f3e6731269edabf978e5832

COCOAPODS: 1.12.1
