// !$*UTF8*$!
{
	archiveVersion = 1;
	classes = {
	};
	objectVersion = 56;
	objects = {

/* Begin PBXBuildFile section */
		54A62D7C0233B740E092ADE0 /* libPods-PerfAnalysis.a in Frameworks */ = {isa = PBXBuildFile; fileRef = AA3B659E433EB3688DBA4787 /* libPods-PerfAnalysis.a */; };
		FA1A91A2294373F600D70989 /* PerfAnalysis.h in Headers */ = {isa = PBXBuildFile; fileRef = FA1A91A1294373F600D70989 /* PerfAnalysis.h */; settings = {ATTRIBUTES = (Public, ); }; };
		FA1A91A92943741600D70989 /* EMGPerfAnalysis.mm in Sources */ = {isa = PBXBuildFile; fileRef = FA1A91A82943741600D70989 /* EMGPerfAnalysis.mm */; };
		FA1A91AC2943748100D70989 /* EMGWriteLibraries.m in Sources */ = {isa = PBXBuildFile; fileRef = FA1A91AB2943748100D70989 /* EMGWriteLibraries.m */; };
/* End PBXBuildFile section */

/* Begin PBXFileReference section */
		2B02693057FEE85AD8F7A187 /* Pods-PerfAnalysis.debug.xcconfig */ = {isa = PBXFileReference; includeInIndex = 1; lastKnownFileType = text.xcconfig; name = "Pods-PerfAnalysis.debug.xcconfig"; path = "Target Support Files/Pods-PerfAnalysis/Pods-PerfAnalysis.debug.xcconfig"; sourceTree = "<group>"; };
		92A08BEC22631FE4409E22EB /* Pods-PerfAnalysis.release.xcconfig */ = {isa = PBXFileReference; includeInIndex = 1; lastKnownFileType = text.xcconfig; name = "Pods-PerfAnalysis.release.xcconfig"; path = "Target Support Files/Pods-PerfAnalysis/Pods-PerfAnalysis.release.xcconfig"; sourceTree = "<group>"; };
		AA3B659E433EB3688DBA4787 /* libPods-PerfAnalysis.a */ = {isa = PBXFileReference; explicitFileType = archive.ar; includeInIndex = 0; path = "libPods-PerfAnalysis.a"; sourceTree = BUILT_PRODUCTS_DIR; };
		FA1A919E294373F600D70989 /* PerfAnalysis.framework */ = {isa = PBXFileReference; explicitFileType = wrapper.framework; includeInIndex = 0; path = PerfAnalysis.framework; sourceTree = BUILT_PRODUCTS_DIR; };
		FA1A91A1294373F600D70989 /* PerfAnalysis.h */ = {isa = PBXFileReference; lastKnownFileType = sourcecode.c.h; path = PerfAnalysis.h; sourceTree = "<group>"; };
		FA1A91A82943741600D70989 /* EMGPerfAnalysis.mm */ = {isa = PBXFileReference; lastKnownFileType = sourcecode.cpp.objcpp; path = EMGPerfAnalysis.mm; sourceTree = "<group>"; };
		FA1A91AA2943744D00D70989 /* EMGWriteLibraries.h */ = {isa = PBXFileReference; lastKnownFileType = sourcecode.c.h; path = EMGWriteLibraries.h; sourceTree = "<group>"; };
		FA1A91AB2943748100D70989 /* EMGWriteLibraries.m */ = {isa = PBXFileReference; lastKnownFileType = sourcecode.c.objc; path = EMGWriteLibraries.m; sourceTree = "<group>"; };
/* End PBXFileReference section */

/* Begin PBXFrameworksBuildPhase section */
		FA1A919B294373F600D70989 /* Frameworks */ = {
			isa = PBXFrameworksBuildPhase;
			buildActionMask = 2147483647;
			files = (
				54A62D7C0233B740E092ADE0 /* libPods-PerfAnalysis.a in Frameworks */,
			);
			runOnlyForDeploymentPostprocessing = 0;
		};
/* End PBXFrameworksBuildPhase section */

/* Begin PBXGroup section */
		88B083935BBF36B4FEC45A6F /* Frameworks */ = {
			isa = PBXGroup;
			children = (
				AA3B659E433EB3688DBA4787 /* libPods-PerfAnalysis.a */,
			);
			name = Frameworks;
			sourceTree = "<group>";
		};
		F0EB7EFAD45DEFB62FC3CE49 /* Pods */ = {
			isa = PBXGroup;
			children = (
				2B02693057FEE85AD8F7A187 /* Pods-PerfAnalysis.debug.xcconfig */,
				92A08BEC22631FE4409E22EB /* Pods-PerfAnalysis.release.xcconfig */,
			);
			path = Pods;
			sourceTree = "<group>";
		};
		FA1A9194294373F600D70989 = {
			isa = PBXGroup;
			children = (
				FA1A91A0294373F600D70989 /* PerfAnalysis */,
				FA1A919F294373F600D70989 /* Products */,
				F0EB7EFAD45DEFB62FC3CE49 /* Pods */,
				88B083935BBF36B4FEC45A6F /* Frameworks */,
			);
			sourceTree = "<group>";
		};
		FA1A919F294373F600D70989 /* Products */ = {
			isa = PBXGroup;
			children = (
				FA1A919E294373F600D70989 /* PerfAnalysis.framework */,
			);
			name = Products;
			sourceTree = "<group>";
		};
		FA1A91A0294373F600D70989 /* PerfAnalysis */ = {
			isa = PBXGroup;
			children = (
				FA1A91A1294373F600D70989 /* PerfAnalysis.h */,
				FA1A91A82943741600D70989 /* EMGPerfAnalysis.mm */,
				FA1A91AA2943744D00D70989 /* EMGWriteLibraries.h */,
				FA1A91AB2943748100D70989 /* EMGWriteLibraries.m */,
			);
			path = PerfAnalysis;
			sourceTree = "<group>";
		};
/* End PBXGroup section */

/* Begin PBXHeadersBuildPhase section */
		FA1A9199294373F600D70989 /* Headers */ = {
			isa = PBXHeadersBuildPhase;
			buildActionMask = 2147483647;
			files = (
				FA1A91A2294373F600D70989 /* PerfAnalysis.h in Headers */,
			);
			runOnlyForDeploymentPostprocessing = 0;
		};
/* End PBXHeadersBuildPhase section */

/* Begin PBXNativeTarget section */
		FA1A919D294373F600D70989 /* PerfAnalysis */ = {
			isa = PBXNativeTarget;
			buildConfigurationList = FA1A91A5294373F600D70989 /* Build configuration list for PBXNativeTarget "PerfAnalysis" */;
			buildPhases = (
				ED631DFE54EB91FF8D7FDE6D /* [CP] Check Pods Manifest.lock */,
				FA1A9199294373F600D70989 /* Headers */,
				FA1A919A294373F600D70989 /* Sources */,
				FA1A919B294373F600D70989 /* Frameworks */,
				FA1A919C294373F600D70989 /* Resources */,
			);
			buildRules = (
			);
			dependencies = (
			);
			name = PerfAnalysis;
			productName = PerfAnalysis;
			productReference = FA1A919E294373F600D70989 /* PerfAnalysis.framework */;
			productType = "com.apple.product-type.framework";
		};
/* End PBXNativeTarget section */

/* Begin PBXProject section */
		FA1A9195294373F600D70989 /* Project object */ = {
			isa = PBXProject;
			attributes = {
				BuildIndependentTargetsInParallel = 1;
				LastUpgradeCheck = 1410;
				TargetAttributes = {
					FA1A919D294373F600D70989 = {
						CreatedOnToolsVersion = 14.1;
					};
				};
			};
			buildConfigurationList = FA1A9198294373F600D70989 /* Build configuration list for PBXProject "PerfAnalysis" */;
			compatibilityVersion = "Xcode 14.0";
			developmentRegion = en;
			hasScannedForEncodings = 0;
			knownRegions = (
				en,
				Base,
			);
			mainGroup = FA1A9194294373F600D70989;
			productRefGroup = FA1A919F294373F600D70989 /* Products */;
			projectDirPath = "";
			projectRoot = "";
			targets = (
				FA1A919D294373F600D70989 /* PerfAnalysis */,
			);
		};
/* End PBXProject section */

/* Begin PBXResourcesBuildPhase section */
		FA1A919C294373F600D70989 /* Resources */ = {
			isa = PBXResourcesBuildPhase;
			buildActionMask = 2147483647;
			files = (
			);
			runOnlyForDeploymentPostprocessing = 0;
		};
/* End PBXResourcesBuildPhase section */

/* Begin PBXShellScriptBuildPhase section */
		ED631DFE54EB91FF8D7FDE6D /* [CP] Check Pods Manifest.lock */ = {
			isa = PBXShellScriptBuildPhase;
			buildActionMask = 2147483647;
			files = (
			);
			inputFileListPaths = (
			);
			inputPaths = (
				"${PODS_PODFILE_DIR_PATH}/Podfile.lock",
				"${PODS_ROOT}/Manifest.lock",
			);
			name = "[CP] Check Pods Manifest.lock";
			outputFileListPaths = (
			);
			outputPaths = (
				"$(DERIVED_FILE_DIR)/Pods-PerfAnalysis-checkManifestLockResult.txt",
			);
			runOnlyForDeploymentPostprocessing = 0;
			shellPath = /bin/sh;
			shellScript = "diff \"${PODS_PODFILE_DIR_PATH}/Podfile.lock\" \"${PODS_ROOT}/Manifest.lock\" > /dev/null\nif [ $? != 0 ] ; then\n    # print error to STDERR\n    echo \"error: The sandbox is not in sync with the Podfile.lock. Run 'pod install' or update your CocoaPods installation.\" >&2\n    exit 1\nfi\n# This output is used by Xcode 'outputs' to avoid re-running this script phase.\necho \"SUCCESS\" > \"${SCRIPT_OUTPUT_FILE_0}\"\n";
			showEnvVarsInLog = 0;
		};
/* End PBXShellScriptBuildPhase section */

/* Begin PBXSourcesBuildPhase section */
		FA1A919A294373F600D70989 /* Sources */ = {
			isa = PBXSourcesBuildPhase;
			buildActionMask = 2147483647;
			files = (
				FA1A91A92943741600D70989 /* EMGPerfAnalysis.mm in Sources */,
				FA1A91AC2943748100D70989 /* EMGWriteLibraries.m in Sources */,
			);
			runOnlyForDeploymentPostprocessing = 0;
		};
/* End PBXSourcesBuildPhase section */

/* Begin XCBuildConfiguration section */
		FA1A91A3294373F600D70989 /* Debug */ = {
			isa = XCBuildConfiguration;
			buildSettings = {
				ALWAYS_SEARCH_USER_PATHS = NO;
				ARCHS = arm64;
				CLANG_ANALYZER_NONNULL = YES;
				CLANG_ANALYZER_NUMBER_OBJECT_CONVERSION = YES_AGGRESSIVE;
				CLANG_CXX_LANGUAGE_STANDARD = "gnu++20";
				CLANG_ENABLE_MODULES = YES;
				CLANG_ENABLE_OBJC_ARC = YES;
				CLANG_ENABLE_OBJC_WEAK = YES;
				CLANG_WARN_BLOCK_CAPTURE_AUTORELEASING = YES;
				CLANG_WARN_BOOL_CONVERSION = YES;
				CLANG_WARN_COMMA = YES;
				CLANG_WARN_CONSTANT_CONVERSION = YES;
				CLANG_WARN_DEPRECATED_OBJC_IMPLEMENTATIONS = YES;
				CLANG_WARN_DIRECT_OBJC_ISA_USAGE = YES_ERROR;
				CLANG_WARN_DOCUMENTATION_COMMENTS = YES;
				CLANG_WARN_EMPTY_BODY = YES;
				CLANG_WARN_ENUM_CONVERSION = YES;
				CLANG_WARN_INFINITE_RECURSION = YES;
				CLANG_WARN_INT_CONVERSION = YES;
				CLANG_WARN_NON_LITERAL_NULL_CONVERSION = YES;
				CLANG_WARN_OBJC_IMPLICIT_RETAIN_SELF = YES;
				CLANG_WARN_OBJC_LITERAL_CONVERSION = YES;
				CLANG_WARN_OBJC_ROOT_CLASS = YES_ERROR;
				CLANG_WARN_QUOTED_INCLUDE_IN_FRAMEWORK_HEADER = YES;
				CLANG_WARN_RANGE_LOOP_ANALYSIS = YES;
				CLANG_WARN_STRICT_PROTOTYPES = YES;
				CLANG_WARN_SUSPICIOUS_MOVE = YES;
				CLANG_WARN_UNGUARDED_AVAILABILITY = YES_AGGRESSIVE;
				CLANG_WARN_UNREACHABLE_CODE = YES;
				CLANG_WARN__DUPLICATE_METHOD_MATCH = YES;
				COPY_PHASE_STRIP = NO;
				CURRENT_PROJECT_VERSION = 1;
				DEBUG_INFORMATION_FORMAT = dwarf;
				ENABLE_STRICT_OBJC_MSGSEND = YES;
				ENABLE_TESTABILITY = YES;
				GCC_C_LANGUAGE_STANDARD = gnu11;
				GCC_DYNAMIC_NO_PIC = NO;
				GCC_NO_COMMON_BLOCKS = YES;
				GCC_OPTIMIZATION_LEVEL = 0;
				GCC_PREPROCESSOR_DEFINITIONS = (
					"DEBUG=1",
					"$(inherited)",
				);
				GCC_WARN_64_TO_32_BIT_CONVERSION = YES;
				GCC_WARN_ABOUT_RETURN_TYPE = YES_ERROR;
				GCC_WARN_UNDECLARED_SELECTOR = YES;
				GCC_WARN_UNINITIALIZED_AUTOS = YES_AGGRESSIVE;
				GCC_WARN_UNUSED_FUNCTION = YES;
				GCC_WARN_UNUSED_VARIABLE = YES;
				IPHONEOS_DEPLOYMENT_TARGET = 16.1;
				MTL_ENABLE_DEBUG_INFO = INCLUDE_SOURCE;
				MTL_FAST_MATH = YES;
				ONLY_ACTIVE_ARCH = YES;
				SDKROOT = iphoneos;
				VERSIONING_SYSTEM = "apple-generic";
				VERSION_INFO_PREFIX = "";
			};
			name = Debug;
		};
		FA1A91A4294373F600D70989 /* Release */ = {
			isa = XCBuildConfiguration;
			buildSettings = {
				ALWAYS_SEARCH_USER_PATHS = NO;
				ARCHS = arm64;
				CLANG_ANALYZER_NONNULL = YES;
				CLANG_ANALYZER_NUMBER_OBJECT_CONVERSION = YES_AGGRESSIVE;
				CLANG_CXX_LANGUAGE_STANDARD = "gnu++20";
				CLANG_ENABLE_MODULES = YES;
				CLANG_ENABLE_OBJC_ARC = YES;
				CLANG_ENABLE_OBJC_WEAK = YES;
				CLANG_WARN_BLOCK_CAPTURE_AUTORELEASING = YES;
				CLANG_WARN_BOOL_CONVERSION = YES;
				CLANG_WARN_COMMA = YES;
				CLANG_WARN_CONSTANT_CONVERSION = YES;
				CLANG_WARN_DEPRECATED_OBJC_IMPLEMENTATIONS = YES;
				CLANG_WARN_DIRECT_OBJC_ISA_USAGE = YES_ERROR;
				CLANG_WARN_DOCUMENTATION_COMMENTS = YES;
				CLANG_WARN_EMPTY_BODY = YES;
				CLANG_WARN_ENUM_CONVERSION = YES;
				CLANG_WARN_INFINITE_RECURSION = YES;
				CLANG_WARN_INT_CONVERSION = YES;
				CLANG_WARN_NON_LITERAL_NULL_CONVERSION = YES;
				CLANG_WARN_OBJC_IMPLICIT_RETAIN_SELF = YES;
				CLANG_WARN_OBJC_LITERAL_CONVERSION = YES;
				CLANG_WARN_OBJC_ROOT_CLASS = YES_ERROR;
				CLANG_WARN_QUOTED_INCLUDE_IN_FRAMEWORK_HEADER = YES;
				CLANG_WARN_RANGE_LOOP_ANALYSIS = YES;
				CLANG_WARN_STRICT_PROTOTYPES = YES;
				CLANG_WARN_SUSPICIOUS_MOVE = YES;
				CLANG_WARN_UNGUARDED_AVAILABILITY = YES_AGGRESSIVE;
				CLANG_WARN_UNREACHABLE_CODE = YES;
				CLANG_WARN__DUPLICATE_METHOD_MATCH = YES;
				COPY_PHASE_STRIP = NO;
				CURRENT_PROJECT_VERSION = 1;
				DEBUG_INFORMATION_FORMAT = "dwarf-with-dsym";
				ENABLE_NS_ASSERTIONS = NO;
				ENABLE_STRICT_OBJC_MSGSEND = YES;
				GCC_C_LANGUAGE_STANDARD = gnu11;
				GCC_NO_COMMON_BLOCKS = YES;
				GCC_WARN_64_TO_32_BIT_CONVERSION = YES;
				GCC_WARN_ABOUT_RETURN_TYPE = YES_ERROR;
				GCC_WARN_UNDECLARED_SELECTOR = YES;
				GCC_WARN_UNINITIALIZED_AUTOS = YES_AGGRESSIVE;
				GCC_WARN_UNUSED_FUNCTION = YES;
				GCC_WARN_UNUSED_VARIABLE = YES;
				IPHONEOS_DEPLOYMENT_TARGET = 16.1;
				MTL_ENABLE_DEBUG_INFO = NO;
				MTL_FAST_MATH = YES;
				SDKROOT = iphoneos;
				VALIDATE_PRODUCT = YES;
				VERSIONING_SYSTEM = "apple-generic";
				VERSION_INFO_PREFIX = "";
			};
			name = Release;
		};
		FA1A91A6294373F600D70989 /* Debug */ = {
			isa = XCBuildConfiguration;
			baseConfigurationReference = 2B02693057FEE85AD8F7A187 /* Pods-PerfAnalysis.debug.xcconfig */;
			buildSettings = {
				CODE_SIGN_STYLE = Automatic;
				CURRENT_PROJECT_VERSION = 1;
				DEFINES_MODULE = YES;
				DEVELOPMENT_TEAM = 62J2XHNK9T;
				DYLIB_COMPATIBILITY_VERSION = 1;
				DYLIB_CURRENT_VERSION = 1;
				DYLIB_INSTALL_NAME_BASE = "@rpath";
				GENERATE_INFOPLIST_FILE = YES;
				INFOPLIST_KEY_NSHumanReadableCopyright = "";
				INSTALL_PATH = "$(LOCAL_LIBRARY_DIR)/Frameworks";
				IPHONEOS_DEPLOYMENT_TARGET = 14.0;
				LD_RUNPATH_SEARCH_PATHS = (
					"$(inherited)",
					"@executable_path/Frameworks",
					"@loader_path/Frameworks",
				);
				MARKETING_VERSION = 1.0;
				PRODUCT_BUNDLE_IDENTIFIER = com.emerge.PerfAnalysis;
				PRODUCT_NAME = "$(TARGET_NAME:c99extidentifier)";
				SKIP_INSTALL = YES;
				SWIFT_EMIT_LOC_STRINGS = YES;
				TARGETED_DEVICE_FAMILY = "1,2";
			};
			name = Debug;
		};
		FA1A91A7294373F600D70989 /* Release */ = {
			isa = XCBuildConfiguration;
			baseConfigurationReference = 92A08BEC22631FE4409E22EB /* Pods-PerfAnalysis.release.xcconfig */;
			buildSettings = {
				CODE_SIGN_STYLE = Automatic;
				CURRENT_PROJECT_VERSION = 1;
				DEFINES_MODULE = YES;
				DEVELOPMENT_TEAM = 62J2XHNK9T;
				DYLIB_COMPATIBILITY_VERSION = 1;
				DYLIB_CURRENT_VERSION = 1;
				DYLIB_INSTALL_NAME_BASE = "@rpath";
				GENERATE_INFOPLIST_FILE = YES;
				INFOPLIST_KEY_NSHumanReadableCopyright = "";
				INSTALL_PATH = "$(LOCAL_LIBRARY_DIR)/Frameworks";
				IPHONEOS_DEPLOYMENT_TARGET = 14.0;
				LD_RUNPATH_SEARCH_PATHS = (
					"$(inherited)",
					"@executable_path/Frameworks",
					"@loader_path/Frameworks",
				);
				MARKETING_VERSION = 1.0;
				PRODUCT_BUNDLE_IDENTIFIER = com.emerge.PerfAnalysis;
				PRODUCT_NAME = "$(TARGET_NAME:c99extidentifier)";
				SKIP_INSTALL = YES;
				SWIFT_EMIT_LOC_STRINGS = YES;
				TARGETED_DEVICE_FAMILY = "1,2";
			};
			name = Release;
		};
/* End XCBuildConfiguration section */

/* Begin XCConfigurationList section */
		FA1A9198294373F600D70989 /* Build configuration list for PBXProject "PerfAnalysis" */ = {
			isa = XCConfigurationList;
			buildConfigurations = (
				FA1A91A3294373F600D70989 /* Debug */,
				FA1A91A4294373F600D70989 /* Release */,
			);
			defaultConfigurationIsVisible = 0;
			defaultConfigurationName = Release;
		};
		FA1A91A5294373F600D70989 /* Build configuration list for PBXNativeTarget "PerfAnalysis" */ = {
			isa = XCConfigurationList;
			buildConfigurations = (
				FA1A91A6294373F600D70989 /* Debug */,
				FA1A91A7294373F600D70989 /* Release */,
			);
			defaultConfigurationIsVisible = 0;
			defaultConfigurationName = Release;
		};
/* End XCConfigurationList section */
	};
	rootObject = FA1A9195294373F600D70989 /* Project object */;
}
