// !$*UTF8*$!
{
	archiveVersion = 1;
	classes = {
	};
	objectVersion = 55;
	objects = {

/* Begin PBXBuildFile section */
		F49161D42A2FC27C004A7415 /* PerfAnalysis.h in Headers */ = {isa = PBXBuildFile; fileRef = F49161D32A2FC27C004A7415 /* PerfAnalysis.h */; };
		F49161E02A2FC528004A7415 /* CommunicationFrame.h in Headers */ = {isa = PBXBuildFile; fileRef = F49161DD2A2FC528004A7415 /* CommunicationFrame.h */; settings = {ATTRIBUTES = (Public, ); }; };
		F49161E42A2FC585004A7415 /* Peertalk in Frameworks */ = {isa = PBXBuildFile; productRef = F49161E32A2FC585004A7415 /* Peertalk */; };
		F49161E52A2FC5C9004A7415 /* ETModels.framework in Frameworks */ = {isa = PBXBuildFile; fileRef = FA5D8DD329E899CC006BEBF4 /* ETModels.framework */; };
		F49161E62A2FC5C9004A7415 /* ETModels.framework in Embed Frameworks */ = {isa = PBXBuildFile; fileRef = FA5D8DD329E899CC006BEBF4 /* ETModels.framework */; settings = {ATTRIBUTES = (CodeSignOnCopy, RemoveHeadersOnCopy, ); }; };
		F49161EB2A2FC5CC004A7415 /* Peertalk in Frameworks */ = {isa = PBXBuildFile; productRef = F49161EA2A2FC5CC004A7415 /* Peertalk */; };
		F49161EC2A2FC630004A7415 /* CommunicationFrame.framework in Frameworks */ = {isa = PBXBuildFile; fileRef = F4BDB1DF29B68B0B00996FDB /* CommunicationFrame.framework */; };
		F49161ED2A2FC630004A7415 /* CommunicationFrame.framework in Embed Frameworks */ = {isa = PBXBuildFile; fileRef = F4BDB1DF29B68B0B00996FDB /* CommunicationFrame.framework */; settings = {ATTRIBUTES = (CodeSignOnCopy, RemoveHeadersOnCopy, ); }; };
		F4BDB1FA29B6932F00996FDB /* PerfAnalysisRunner.swift in Sources */ = {isa = PBXBuildFile; fileRef = F4BDB1F929B6932F00996FDB /* PerfAnalysisRunner.swift */; };
		F4BDB20929B6942100996FDB /* ArgumentParser in Frameworks */ = {isa = PBXBuildFile; productRef = F4BDB20829B6942100996FDB /* ArgumentParser */; };
		F4BDB20C29B695A600996FDB /* SimulatorDeviceManager.swift in Sources */ = {isa = PBXBuildFile; fileRef = F4BDB20B29B695A600996FDB /* SimulatorDeviceManager.swift */; };
		F4BDB20F29B6965200996FDB /* Utils.swift in Sources */ = {isa = PBXBuildFile; fileRef = F4BDB20E29B6965200996FDB /* Utils.swift */; };
		F4BDB21129B697D200996FDB /* DeviceManager.swift in Sources */ = {isa = PBXBuildFile; fileRef = F4BDB21029B697D200996FDB /* DeviceManager.swift */; };
		F4BDB21329B6981000996FDB /* PhysicalDeviceManager.swift in Sources */ = {isa = PBXBuildFile; fileRef = F4BDB21229B6981000996FDB /* PhysicalDeviceManager.swift */; };
		F4CB9D2D29B7BBF000F50446 /* Swifter in Frameworks */ = {isa = PBXBuildFile; productRef = F4CB9D2C29B7BBF000F50446 /* Swifter */; };
		F4CB9D3529B7C49000F50446 /* ResponseModel.swift in Sources */ = {isa = PBXBuildFile; fileRef = F4CB9D3429B7C49000F50446 /* ResponseModel.swift */; };
		F4CB9D3729B7C4BE00F50446 /* Symbolicator.swift in Sources */ = {isa = PBXBuildFile; fileRef = F4CB9D3629B7C4BE00F50446 /* Symbolicator.swift */; };
		F4CB9D3929B7C50400F50446 /* FlamegraphGenerator.swift in Sources */ = {isa = PBXBuildFile; fileRef = F4CB9D3829B7C50400F50446 /* FlamegraphGenerator.swift */; };
		F4CB9D3F29B907DE00F50446 /* RunnerHelper.swift in Sources */ = {isa = PBXBuildFile; fileRef = F4CB9D3E29B907DE00F50446 /* RunnerHelper.swift */; };
		FA172EC129E70EBF009D3BF8 /* CommunicationChannel.swift in Sources */ = {isa = PBXBuildFile; fileRef = FA172EC029E70EBF009D3BF8 /* CommunicationChannel.swift */; };
		FA5D8DA029E892FA006BEBF4 /* JSONWrapper.m in Sources */ = {isa = PBXBuildFile; fileRef = FA5D8D9F29E892FA006BEBF4 /* JSONWrapper.m */; };
		FA5D8DD629E899CC006BEBF4 /* ETModels.h in Headers */ = {isa = PBXBuildFile; fileRef = FA5D8DD529E899CC006BEBF4 /* ETModels.h */; settings = {ATTRIBUTES = (Public, ); }; };
		FA5D8DDA29E899D3006BEBF4 /* FlameNode.swift in Sources */ = {isa = PBXBuildFile; fileRef = FA5D8DA829E89797006BEBF4 /* FlameNode.swift */; };
		FA5D8DDB29E899D3006BEBF4 /* Sample.swift in Sources */ = {isa = PBXBuildFile; fileRef = F4CB9D3129B7C35B00F50446 /* Sample.swift */; };
/* End PBXBuildFile section */

/* Begin PBXContainerItemProxy section */
		F49161E72A2FC5C9004A7415 /* PBXContainerItemProxy */ = {
			isa = PBXContainerItemProxy;
			containerPortal = FA1A9195294373F600D70989 /* Project object */;
			proxyType = 1;
			remoteGlobalIDString = FA5D8DD229E899CB006BEBF4;
			remoteInfo = ETModels;
		};
		F49161EE2A2FC630004A7415 /* PBXContainerItemProxy */ = {
			isa = PBXContainerItemProxy;
			containerPortal = FA1A9195294373F600D70989 /* Project object */;
			proxyType = 1;
			remoteGlobalIDString = F4BDB1DE29B68B0B00996FDB;
			remoteInfo = CommunicationFrame;
		};
		F4BDB1E629B68BCD00996FDB /* PBXContainerItemProxy */ = {
			isa = PBXContainerItemProxy;
			containerPortal = FA1A9195294373F600D70989 /* Project object */;
			proxyType = 1;
			remoteGlobalIDString = F4BDB1DE29B68B0B00996FDB;
			remoteInfo = CommunicationFrame;
		};
		F4BDB1FE29B6933700996FDB /* PBXContainerItemProxy */ = {
			isa = PBXContainerItemProxy;
			containerPortal = FA1A9195294373F600D70989 /* Project object */;
			proxyType = 1;
			remoteGlobalIDString = F4BDB1DE29B68B0B00996FDB;
			remoteInfo = CommunicationFrame;
		};
		FA5D8DDC29E899FE006BEBF4 /* PBXContainerItemProxy */ = {
			isa = PBXContainerItemProxy;
			containerPortal = FA1A9195294373F600D70989 /* Project object */;
			proxyType = 1;
			remoteGlobalIDString = FA5D8DD229E899CB006BEBF4;
			remoteInfo = ETModels;
		};
/* End PBXContainerItemProxy section */

/* Begin PBXCopyFilesBuildPhase section */
		F49161E92A2FC5C9004A7415 /* Embed Frameworks */ = {
			isa = PBXCopyFilesBuildPhase;
			buildActionMask = 2147483647;
			dstPath = "";
			dstSubfolderSpec = 10;
			files = (
				F49161E62A2FC5C9004A7415 /* ETModels.framework in Embed Frameworks */,
				F49161ED2A2FC630004A7415 /* CommunicationFrame.framework in Embed Frameworks */,
			);
			name = "Embed Frameworks";
			runOnlyForDeploymentPostprocessing = 0;
		};
		F4BDB1F529B6932F00996FDB /* CopyFiles */ = {
			isa = PBXCopyFilesBuildPhase;
			buildActionMask = 2147483647;
			dstPath = /usr/share/man/man1/;
			dstSubfolderSpec = 0;
			files = (
			);
			runOnlyForDeploymentPostprocessing = 1;
		};
/* End PBXCopyFilesBuildPhase section */

/* Begin PBXFileReference section */
		F49161D12A2FC21F004A7415 /* ETTrace */ = {isa = PBXFileReference; lastKnownFileType = wrapper; name = ETTrace; path = ..; sourceTree = "<group>"; };
		F49161D32A2FC27C004A7415 /* PerfAnalysis.h */ = {isa = PBXFileReference; fileEncoding = 4; lastKnownFileType = sourcecode.c.h; path = PerfAnalysis.h; sourceTree = "<group>"; };
		F49161DB2A2FC528004A7415 /* DummyEmptyClass.h */ = {isa = PBXFileReference; fileEncoding = 4; lastKnownFileType = sourcecode.c.h; path = DummyEmptyClass.h; sourceTree = "<group>"; };
		F49161DD2A2FC528004A7415 /* CommunicationFrame.h */ = {isa = PBXFileReference; fileEncoding = 4; lastKnownFileType = sourcecode.c.h; path = CommunicationFrame.h; sourceTree = "<group>"; };
		F49161DE2A2FC528004A7415 /* DummyEmptyClass.m */ = {isa = PBXFileReference; fileEncoding = 4; lastKnownFileType = sourcecode.c.objc; path = DummyEmptyClass.m; sourceTree = "<group>"; };
		F4BDB1DF29B68B0B00996FDB /* CommunicationFrame.framework */ = {isa = PBXFileReference; explicitFileType = wrapper.framework; includeInIndex = 0; path = CommunicationFrame.framework; sourceTree = BUILT_PRODUCTS_DIR; };
		F4BDB1EC29B68D7900996FDB /* EMGChannelListener.h */ = {isa = PBXFileReference; lastKnownFileType = sourcecode.c.h; path = EMGChannelListener.h; sourceTree = "<group>"; };
		F4BDB1ED29B68D7900996FDB /* EMGChannelListener.m */ = {isa = PBXFileReference; lastKnownFileType = sourcecode.c.objc; path = EMGChannelListener.m; sourceTree = "<group>"; };
		F4BDB1F029B6909C00996FDB /* EMGPerfAnalysis_Private.h */ = {isa = PBXFileReference; lastKnownFileType = sourcecode.c.h; path = EMGPerfAnalysis_Private.h; sourceTree = "<group>"; };
		F4BDB1F729B6932F00996FDB /* ETTraceRunner */ = {isa = PBXFileReference; explicitFileType = "compiled.mach-o.executable"; includeInIndex = 0; path = ETTraceRunner; sourceTree = BUILT_PRODUCTS_DIR; };
		F4BDB1F929B6932F00996FDB /* PerfAnalysisRunner.swift */ = {isa = PBXFileReference; lastKnownFileType = sourcecode.swift; path = PerfAnalysisRunner.swift; sourceTree = "<group>"; };
		F4BDB20B29B695A600996FDB /* SimulatorDeviceManager.swift */ = {isa = PBXFileReference; lastKnownFileType = sourcecode.swift; path = SimulatorDeviceManager.swift; sourceTree = "<group>"; };
		F4BDB20E29B6965200996FDB /* Utils.swift */ = {isa = PBXFileReference; lastKnownFileType = sourcecode.swift; path = Utils.swift; sourceTree = "<group>"; };
		F4BDB21029B697D200996FDB /* DeviceManager.swift */ = {isa = PBXFileReference; lastKnownFileType = sourcecode.swift; path = DeviceManager.swift; sourceTree = "<group>"; };
		F4BDB21229B6981000996FDB /* PhysicalDeviceManager.swift */ = {isa = PBXFileReference; lastKnownFileType = sourcecode.swift; path = PhysicalDeviceManager.swift; sourceTree = "<group>"; };
		F4CB9D2829B6A8CF00F50446 /* ETTraceRunner.entitlements */ = {isa = PBXFileReference; lastKnownFileType = text.plist.entitlements; path = ETTraceRunner.entitlements; sourceTree = "<group>"; };
		F4CB9D3129B7C35B00F50446 /* Sample.swift */ = {isa = PBXFileReference; lastKnownFileType = sourcecode.swift; path = Sample.swift; sourceTree = "<group>"; };
		F4CB9D3429B7C49000F50446 /* ResponseModel.swift */ = {isa = PBXFileReference; lastKnownFileType = sourcecode.swift; path = ResponseModel.swift; sourceTree = "<group>"; };
		F4CB9D3629B7C4BE00F50446 /* Symbolicator.swift */ = {isa = PBXFileReference; lastKnownFileType = sourcecode.swift; path = Symbolicator.swift; sourceTree = "<group>"; };
		F4CB9D3829B7C50400F50446 /* FlamegraphGenerator.swift */ = {isa = PBXFileReference; lastKnownFileType = sourcecode.swift; path = FlamegraphGenerator.swift; sourceTree = "<group>"; };
		F4CB9D3E29B907DE00F50446 /* RunnerHelper.swift */ = {isa = PBXFileReference; lastKnownFileType = sourcecode.swift; path = RunnerHelper.swift; sourceTree = "<group>"; };
		FA172EC029E70EBF009D3BF8 /* CommunicationChannel.swift */ = {isa = PBXFileReference; lastKnownFileType = sourcecode.swift; path = CommunicationChannel.swift; sourceTree = "<group>"; };
		FA1A919E294373F600D70989 /* ETTrace.framework */ = {isa = PBXFileReference; explicitFileType = wrapper.framework; includeInIndex = 0; path = ETTrace.framework; sourceTree = BUILT_PRODUCTS_DIR; };
		FA1A91A82943741600D70989 /* EMGPerfAnalysis.mm */ = {isa = PBXFileReference; lastKnownFileType = sourcecode.cpp.objcpp; path = EMGPerfAnalysis.mm; sourceTree = "<group>"; };
		FA1A91AA2943744D00D70989 /* EMGWriteLibraries.h */ = {isa = PBXFileReference; lastKnownFileType = sourcecode.c.h; path = EMGWriteLibraries.h; sourceTree = "<group>"; };
		FA1A91AB2943748100D70989 /* EMGWriteLibraries.m */ = {isa = PBXFileReference; lastKnownFileType = sourcecode.c.objc; path = EMGWriteLibraries.m; sourceTree = "<group>"; };
		FA5D8D9E29E892F9006BEBF4 /* ETTraceRunner-Bridging-Header.h */ = {isa = PBXFileReference; lastKnownFileType = sourcecode.c.h; path = "ETTraceRunner-Bridging-Header.h"; sourceTree = "<group>"; };
		FA5D8D9F29E892FA006BEBF4 /* JSONWrapper.m */ = {isa = PBXFileReference; lastKnownFileType = sourcecode.c.objc; path = JSONWrapper.m; sourceTree = "<group>"; };
		FA5D8DA129E8933C006BEBF4 /* JSONWrapper.h */ = {isa = PBXFileReference; lastKnownFileType = sourcecode.c.h; path = JSONWrapper.h; sourceTree = "<group>"; };
		FA5D8DA829E89797006BEBF4 /* FlameNode.swift */ = {isa = PBXFileReference; lastKnownFileType = sourcecode.swift; path = FlameNode.swift; sourceTree = "<group>"; };
		FA5D8DD329E899CC006BEBF4 /* ETModels.framework */ = {isa = PBXFileReference; explicitFileType = wrapper.framework; includeInIndex = 0; path = ETModels.framework; sourceTree = BUILT_PRODUCTS_DIR; };
		FA5D8DD529E899CC006BEBF4 /* ETModels.h */ = {isa = PBXFileReference; lastKnownFileType = sourcecode.c.h; path = ETModels.h; sourceTree = "<group>"; };
/* End PBXFileReference section */

/* Begin PBXFrameworksBuildPhase section */
		F4BDB1DC29B68B0B00996FDB /* Frameworks */ = {
			isa = PBXFrameworksBuildPhase;
			buildActionMask = 2147483647;
			files = (
			);
			runOnlyForDeploymentPostprocessing = 0;
		};
		F4BDB1F429B6932F00996FDB /* Frameworks */ = {
			isa = PBXFrameworksBuildPhase;
			buildActionMask = 2147483647;
			files = (
				F49161EC2A2FC630004A7415 /* CommunicationFrame.framework in Frameworks */,
				F49161EB2A2FC5CC004A7415 /* Peertalk in Frameworks */,
				F4CB9D2D29B7BBF000F50446 /* Swifter in Frameworks */,
				F4BDB20929B6942100996FDB /* ArgumentParser in Frameworks */,
				F49161E52A2FC5C9004A7415 /* ETModels.framework in Frameworks */,
			);
			runOnlyForDeploymentPostprocessing = 0;
		};
		FA1A919B294373F600D70989 /* Frameworks */ = {
			isa = PBXFrameworksBuildPhase;
			buildActionMask = 2147483647;
			files = (
				F49161E42A2FC585004A7415 /* Peertalk in Frameworks */,
			);
			runOnlyForDeploymentPostprocessing = 0;
		};
		FA5D8DD029E899CB006BEBF4 /* Frameworks */ = {
			isa = PBXFrameworksBuildPhase;
			buildActionMask = 2147483647;
			files = (
			);
			runOnlyForDeploymentPostprocessing = 0;
		};
/* End PBXFrameworksBuildPhase section */

/* Begin PBXGroup section */
		F49161D02A2FC21F004A7415 /* Packages */ = {
			isa = PBXGroup;
			children = (
				F49161D12A2FC21F004A7415 /* ETTrace */,
			);
			name = Packages;
			sourceTree = "<group>";
		};
		F49161D22A2FC27C004A7415 /* Public */ = {
			isa = PBXGroup;
			children = (
				F49161D32A2FC27C004A7415 /* PerfAnalysis.h */,
			);
			path = Public;
			sourceTree = "<group>";
		};
		F49161D52A2FC32A004A7415 /* Frameworks */ = {
			isa = PBXGroup;
			children = (
			);
			name = Frameworks;
			sourceTree = "<group>";
		};
		F49161DC2A2FC528004A7415 /* Public */ = {
			isa = PBXGroup;
			children = (
				F49161DD2A2FC528004A7415 /* CommunicationFrame.h */,
			);
			path = Public;
			sourceTree = "<group>";
		};
		F4BDB1E029B68B0B00996FDB /* CommunicationFrame */ = {
			isa = PBXGroup;
			children = (
				F49161DC2A2FC528004A7415 /* Public */,
				F49161DB2A2FC528004A7415 /* DummyEmptyClass.h */,
				F49161DE2A2FC528004A7415 /* DummyEmptyClass.m */,
			);
			path = CommunicationFrame;
			sourceTree = "<group>";
		};
		F4BDB1F829B6932F00996FDB /* ETTraceRunner */ = {
			isa = PBXGroup;
			children = (
				F4CB9D2829B6A8CF00F50446 /* ETTraceRunner.entitlements */,
				F4CB9D3329B7C48300F50446 /* ResponseModels */,
				F4BDB20D29B6964900996FDB /* Utils */,
				F4BDB20A29B6959000996FDB /* Devices */,
				F4BDB1F929B6932F00996FDB /* PerfAnalysisRunner.swift */,
				F4CB9D3E29B907DE00F50446 /* RunnerHelper.swift */,
				FA5D8D9F29E892FA006BEBF4 /* JSONWrapper.m */,
				FA5D8DA129E8933C006BEBF4 /* JSONWrapper.h */,
				FA5D8D9E29E892F9006BEBF4 /* ETTraceRunner-Bridging-Header.h */,
			);
			path = ETTraceRunner;
			sourceTree = "<group>";
		};
		F4BDB20A29B6959000996FDB /* Devices */ = {
			isa = PBXGroup;
			children = (
				F4BDB21029B697D200996FDB /* DeviceManager.swift */,
				FA172EC029E70EBF009D3BF8 /* CommunicationChannel.swift */,
				F4BDB20B29B695A600996FDB /* SimulatorDeviceManager.swift */,
				F4BDB21229B6981000996FDB /* PhysicalDeviceManager.swift */,
			);
			path = Devices;
			sourceTree = "<group>";
		};
		F4BDB20D29B6964900996FDB /* Utils */ = {
			isa = PBXGroup;
			children = (
				F4BDB20E29B6965200996FDB /* Utils.swift */,
				F4CB9D3629B7C4BE00F50446 /* Symbolicator.swift */,
				F4CB9D3829B7C50400F50446 /* FlamegraphGenerator.swift */,
			);
			path = Utils;
			sourceTree = "<group>";
		};
		F4CB9D3329B7C48300F50446 /* ResponseModels */ = {
			isa = PBXGroup;
			children = (
				F4CB9D3429B7C49000F50446 /* ResponseModel.swift */,
			);
			path = ResponseModels;
			sourceTree = "<group>";
		};
		FA1A9194294373F600D70989 = {
			isa = PBXGroup;
			children = (
				F49161D02A2FC21F004A7415 /* Packages */,
				FA1A91A0294373F600D70989 /* ETTrace */,
				F4BDB1E029B68B0B00996FDB /* CommunicationFrame */,
				F4BDB1F829B6932F00996FDB /* ETTraceRunner */,
				FA5D8DD429E899CC006BEBF4 /* ETModels */,
				FA1A919F294373F600D70989 /* Products */,
				F49161D52A2FC32A004A7415 /* Frameworks */,
			);
			sourceTree = "<group>";
		};
		FA1A919F294373F600D70989 /* Products */ = {
			isa = PBXGroup;
			children = (
				FA1A919E294373F600D70989 /* ETTrace.framework */,
				F4BDB1DF29B68B0B00996FDB /* CommunicationFrame.framework */,
				F4BDB1F729B6932F00996FDB /* ETTraceRunner */,
				FA5D8DD329E899CC006BEBF4 /* ETModels.framework */,
			);
			name = Products;
			sourceTree = "<group>";
		};
		FA1A91A0294373F600D70989 /* ETTrace */ = {
			isa = PBXGroup;
			children = (
				F49161D22A2FC27C004A7415 /* Public */,
				FA1A91A82943741600D70989 /* EMGPerfAnalysis.mm */,
				F4BDB1F029B6909C00996FDB /* EMGPerfAnalysis_Private.h */,
				FA1A91AA2943744D00D70989 /* EMGWriteLibraries.h */,
				FA1A91AB2943748100D70989 /* EMGWriteLibraries.m */,
				F4BDB1EC29B68D7900996FDB /* EMGChannelListener.h */,
				F4BDB1ED29B68D7900996FDB /* EMGChannelListener.m */,
			);
			path = ETTrace;
			sourceTree = "<group>";
		};
		FA5D8DD429E899CC006BEBF4 /* ETModels */ = {
			isa = PBXGroup;
			children = (
				F4CB9D3129B7C35B00F50446 /* Sample.swift */,
				FA5D8DA829E89797006BEBF4 /* FlameNode.swift */,
				FA5D8DD529E899CC006BEBF4 /* ETModels.h */,
			);
			path = ETModels;
			sourceTree = "<group>";
		};
/* End PBXGroup section */

/* Begin PBXHeadersBuildPhase section */
		F4BDB1DA29B68B0B00996FDB /* Headers */ = {
			isa = PBXHeadersBuildPhase;
			buildActionMask = 2147483647;
			files = (
				F49161E02A2FC528004A7415 /* CommunicationFrame.h in Headers */,
			);
			runOnlyForDeploymentPostprocessing = 0;
		};
		FA1A9199294373F600D70989 /* Headers */ = {
			isa = PBXHeadersBuildPhase;
			buildActionMask = 2147483647;
			files = (
				F49161D42A2FC27C004A7415 /* PerfAnalysis.h in Headers */,
			);
			runOnlyForDeploymentPostprocessing = 0;
		};
		FA5D8DCE29E899CB006BEBF4 /* Headers */ = {
			isa = PBXHeadersBuildPhase;
			buildActionMask = 2147483647;
			files = (
				FA5D8DD629E899CC006BEBF4 /* ETModels.h in Headers */,
			);
			runOnlyForDeploymentPostprocessing = 0;
		};
/* End PBXHeadersBuildPhase section */

/* Begin PBXNativeTarget section */
		F4BDB1DE29B68B0B00996FDB /* CommunicationFrame */ = {
			isa = PBXNativeTarget;
			buildConfigurationList = F4BDB1E529B68B0B00996FDB /* Build configuration list for PBXNativeTarget "CommunicationFrame" */;
			buildPhases = (
				F4BDB1DA29B68B0B00996FDB /* Headers */,
				F4BDB1DB29B68B0B00996FDB /* Sources */,
				F4BDB1DC29B68B0B00996FDB /* Frameworks */,
				F4BDB1DD29B68B0B00996FDB /* Resources */,
			);
			buildRules = (
			);
			dependencies = (
			);
			name = CommunicationFrame;
			productName = CommunicationFrame;
			productReference = F4BDB1DF29B68B0B00996FDB /* CommunicationFrame.framework */;
			productType = "com.apple.product-type.framework";
		};
		F4BDB1F629B6932F00996FDB /* ETTraceRunner */ = {
			isa = PBXNativeTarget;
			buildConfigurationList = F4BDB1FB29B6932F00996FDB /* Build configuration list for PBXNativeTarget "ETTraceRunner" */;
			buildPhases = (
				F4BDB1F329B6932F00996FDB /* Sources */,
				F4BDB1F429B6932F00996FDB /* Frameworks */,
				F4BDB1F529B6932F00996FDB /* CopyFiles */,
				F49161E92A2FC5C9004A7415 /* Embed Frameworks */,
			);
			buildRules = (
			);
			dependencies = (
				FA5D8DDD29E899FE006BEBF4 /* PBXTargetDependency */,
				F4BDB20729B693CA00996FDB /* PBXTargetDependency */,
				F4BDB1FF29B6933700996FDB /* PBXTargetDependency */,
				F49161E82A2FC5C9004A7415 /* PBXTargetDependency */,
				F49161EF2A2FC630004A7415 /* PBXTargetDependency */,
			);
			name = ETTraceRunner;
			packageProductDependencies = (
				F4BDB20829B6942100996FDB /* ArgumentParser */,
				F4CB9D2C29B7BBF000F50446 /* Swifter */,
				F49161EA2A2FC5CC004A7415 /* Peertalk */,
			);
			productName = PerfAnalysisRunner;
			productReference = F4BDB1F729B6932F00996FDB /* ETTraceRunner */;
			productType = "com.apple.product-type.tool";
		};
		FA1A919D294373F600D70989 /* ETTrace */ = {
			isa = PBXNativeTarget;
			buildConfigurationList = FA1A91A5294373F600D70989 /* Build configuration list for PBXNativeTarget "ETTrace" */;
			buildPhases = (
				FA1A9199294373F600D70989 /* Headers */,
				FA1A919A294373F600D70989 /* Sources */,
				FA1A919B294373F600D70989 /* Frameworks */,
				FA1A919C294373F600D70989 /* Resources */,
			);
			buildRules = (
			);
			dependencies = (
				F4BDB1E729B68BCD00996FDB /* PBXTargetDependency */,
			);
			name = ETTrace;
			packageProductDependencies = (
				F49161E32A2FC585004A7415 /* Peertalk */,
			);
			productName = PerfAnalysis;
			productReference = FA1A919E294373F600D70989 /* ETTrace.framework */;
			productType = "com.apple.product-type.framework";
		};
		FA5D8DD229E899CB006BEBF4 /* ETModels */ = {
			isa = PBXNativeTarget;
			buildConfigurationList = FA5D8DD729E899CC006BEBF4 /* Build configuration list for PBXNativeTarget "ETModels" */;
			buildPhases = (
				FA5D8DCE29E899CB006BEBF4 /* Headers */,
				FA5D8DCF29E899CB006BEBF4 /* Sources */,
				FA5D8DD029E899CB006BEBF4 /* Frameworks */,
				FA5D8DD129E899CB006BEBF4 /* Resources */,
			);
			buildRules = (
			);
			dependencies = (
			);
			name = ETModels;
			productName = ETModels;
			productReference = FA5D8DD329E899CC006BEBF4 /* ETModels.framework */;
			productType = "com.apple.product-type.framework";
		};
/* End PBXNativeTarget section */

/* Begin PBXProject section */
		FA1A9195294373F600D70989 /* Project object */ = {
			isa = PBXProject;
			attributes = {
				BuildIndependentTargetsInParallel = 1;
				LastSwiftUpdateCheck = 1430;
				LastUpgradeCheck = 1410;
				TargetAttributes = {
					F4BDB1DE29B68B0B00996FDB = {
						CreatedOnToolsVersion = 14.0.1;
					};
					F4BDB1F629B6932F00996FDB = {
						CreatedOnToolsVersion = 14.0.1;
						LastSwiftMigration = 1430;
					};
					FA1A919D294373F600D70989 = {
						CreatedOnToolsVersion = 14.1;
					};
					FA5D8DD229E899CB006BEBF4 = {
						CreatedOnToolsVersion = 14.3;
					};
				};
			};
			buildConfigurationList = FA1A9198294373F600D70989 /* Build configuration list for PBXProject "ETTrace" */;
			compatibilityVersion = "Xcode 13.0";
			developmentRegion = en;
			hasScannedForEncodings = 0;
			knownRegions = (
				en,
				Base,
			);
			mainGroup = FA1A9194294373F600D70989;
			packageReferences = (
				F4BDB20329B693BB00996FDB /* XCRemoteSwiftPackageReference "swift-argument-parser" */,
				F4CB9D2929B7BA2400F50446 /* XCRemoteSwiftPackageReference "swifter" */,
				F49161E22A2FC585004A7415 /* XCRemoteSwiftPackageReference "peertalk" */,
			);
			productRefGroup = FA1A919F294373F600D70989 /* Products */;
			projectDirPath = "";
			projectRoot = "";
			targets = (
				FA1A919D294373F600D70989 /* ETTrace */,
				F4BDB1DE29B68B0B00996FDB /* CommunicationFrame */,
				F4BDB1F629B6932F00996FDB /* ETTraceRunner */,
				FA5D8DD229E899CB006BEBF4 /* ETModels */,
			);
		};
/* End PBXProject section */

/* Begin PBXResourcesBuildPhase section */
		F4BDB1DD29B68B0B00996FDB /* Resources */ = {
			isa = PBXResourcesBuildPhase;
			buildActionMask = 2147483647;
			files = (
			);
			runOnlyForDeploymentPostprocessing = 0;
		};
		FA1A919C294373F600D70989 /* Resources */ = {
			isa = PBXResourcesBuildPhase;
			buildActionMask = 2147483647;
			files = (
			);
			runOnlyForDeploymentPostprocessing = 0;
		};
		FA5D8DD129E899CB006BEBF4 /* Resources */ = {
			isa = PBXResourcesBuildPhase;
			buildActionMask = 2147483647;
			files = (
			);
			runOnlyForDeploymentPostprocessing = 0;
		};
/* End PBXResourcesBuildPhase section */

/* Begin PBXSourcesBuildPhase section */
		F4BDB1DB29B68B0B00996FDB /* Sources */ = {
			isa = PBXSourcesBuildPhase;
			buildActionMask = 2147483647;
			files = (
			);
			runOnlyForDeploymentPostprocessing = 0;
		};
		F4BDB1F329B6932F00996FDB /* Sources */ = {
			isa = PBXSourcesBuildPhase;
			buildActionMask = 2147483647;
			files = (
				F4BDB20C29B695A600996FDB /* SimulatorDeviceManager.swift in Sources */,
				FA5D8DA029E892FA006BEBF4 /* JSONWrapper.m in Sources */,
				F4BDB21129B697D200996FDB /* DeviceManager.swift in Sources */,
				F4BDB1FA29B6932F00996FDB /* PerfAnalysisRunner.swift in Sources */,
				F4BDB21329B6981000996FDB /* PhysicalDeviceManager.swift in Sources */,
				F4BDB20F29B6965200996FDB /* Utils.swift in Sources */,
				F4CB9D3529B7C49000F50446 /* ResponseModel.swift in Sources */,
				F4CB9D3729B7C4BE00F50446 /* Symbolicator.swift in Sources */,
				FA172EC129E70EBF009D3BF8 /* CommunicationChannel.swift in Sources */,
				F4CB9D3929B7C50400F50446 /* FlamegraphGenerator.swift in Sources */,
				F4CB9D3F29B907DE00F50446 /* RunnerHelper.swift in Sources */,
			);
			runOnlyForDeploymentPostprocessing = 0;
		};
		FA1A919A294373F600D70989 /* Sources */ = {
			isa = PBXSourcesBuildPhase;
			buildActionMask = 2147483647;
			files = (
			);
			runOnlyForDeploymentPostprocessing = 0;
		};
		FA5D8DCF29E899CB006BEBF4 /* Sources */ = {
			isa = PBXSourcesBuildPhase;
			buildActionMask = 2147483647;
			files = (
				FA5D8DDA29E899D3006BEBF4 /* FlameNode.swift in Sources */,
				FA5D8DDB29E899D3006BEBF4 /* Sample.swift in Sources */,
			);
			runOnlyForDeploymentPostprocessing = 0;
		};
/* End PBXSourcesBuildPhase section */

/* Begin PBXTargetDependency section */
		F49161E82A2FC5C9004A7415 /* PBXTargetDependency */ = {
			isa = PBXTargetDependency;
			target = FA5D8DD229E899CB006BEBF4 /* ETModels */;
			targetProxy = F49161E72A2FC5C9004A7415 /* PBXContainerItemProxy */;
		};
		F49161EF2A2FC630004A7415 /* PBXTargetDependency */ = {
			isa = PBXTargetDependency;
			target = F4BDB1DE29B68B0B00996FDB /* CommunicationFrame */;
			targetProxy = F49161EE2A2FC630004A7415 /* PBXContainerItemProxy */;
		};
		F4BDB1E729B68BCD00996FDB /* PBXTargetDependency */ = {
			isa = PBXTargetDependency;
			target = F4BDB1DE29B68B0B00996FDB /* CommunicationFrame */;
			targetProxy = F4BDB1E629B68BCD00996FDB /* PBXContainerItemProxy */;
		};
		F4BDB1FF29B6933700996FDB /* PBXTargetDependency */ = {
			isa = PBXTargetDependency;
			target = F4BDB1DE29B68B0B00996FDB /* CommunicationFrame */;
			targetProxy = F4BDB1FE29B6933700996FDB /* PBXContainerItemProxy */;
		};
		F4BDB20729B693CA00996FDB /* PBXTargetDependency */ = {
			isa = PBXTargetDependency;
			productRef = F4BDB20629B693CA00996FDB /* ArgumentParser */;
		};
		FA5D8DDD29E899FE006BEBF4 /* PBXTargetDependency */ = {
			isa = PBXTargetDependency;
			target = FA5D8DD229E899CB006BEBF4 /* ETModels */;
			targetProxy = FA5D8DDC29E899FE006BEBF4 /* PBXContainerItemProxy */;
		};
/* End PBXTargetDependency section */

/* Begin XCBuildConfiguration section */
		F4BDB1E329B68B0B00996FDB /* Debug */ = {
			isa = XCBuildConfiguration;
			buildSettings = {
				ARCHS = "$(ARCHS_STANDARD)";
				CODE_SIGN_STYLE = Automatic;
				CURRENT_PROJECT_VERSION = 1;
				DEFINES_MODULE = YES;
				DEVELOPMENT_TEAM = 62J2XHNK9T;
				DYLIB_COMPATIBILITY_VERSION = 1;
				DYLIB_CURRENT_VERSION = 1;
				DYLIB_INSTALL_NAME_BASE = "@rpath";
				GENERATE_INFOPLIST_FILE = YES;
				INFOPLIST_KEY_NSHumanReadableCopyright = "";
				INSTALL_PATH = "$(LOCAL_LIBRARY_DIR)/Frameworks";
				IPHONEOS_DEPLOYMENT_TARGET = 16.0;
				LD_RUNPATH_SEARCH_PATHS = (
					"@executable_path/Frameworks",
					"@loader_path/Frameworks",
				);
				"LD_RUNPATH_SEARCH_PATHS[sdk=macosx*]" = (
					"@executable_path/../Frameworks",
					"@loader_path/Frameworks",
				);
				MACH_O_TYPE = staticlib;
				MACOSX_DEPLOYMENT_TARGET = 12.3;
				MARKETING_VERSION = 1.0;
				PRODUCT_BUNDLE_IDENTIFIER = com.emerge.CommunicationFrame;
				PRODUCT_NAME = "$(TARGET_NAME:c99extidentifier)";
				SDKROOT = auto;
				SKIP_INSTALL = YES;
				SUPPORTED_PLATFORMS = "iphoneos iphonesimulator macosx";
				SWIFT_ACTIVE_COMPILATION_CONDITIONS = DEBUG;
				SWIFT_EMIT_LOC_STRINGS = YES;
				SWIFT_OPTIMIZATION_LEVEL = "-Onone";
				SWIFT_VERSION = 5.0;
				TARGETED_DEVICE_FAMILY = "1,2";
			};
			name = Debug;
		};
		F4BDB1E429B68B0B00996FDB /* Release */ = {
			isa = XCBuildConfiguration;
			buildSettings = {
				ARCHS = "$(ARCHS_STANDARD)";
				CODE_SIGN_STYLE = Automatic;
				CURRENT_PROJECT_VERSION = 1;
				DEFINES_MODULE = YES;
				DEVELOPMENT_TEAM = 62J2XHNK9T;
				DYLIB_COMPATIBILITY_VERSION = 1;
				DYLIB_CURRENT_VERSION = 1;
				DYLIB_INSTALL_NAME_BASE = "@rpath";
				GENERATE_INFOPLIST_FILE = YES;
				INFOPLIST_KEY_NSHumanReadableCopyright = "";
				INSTALL_PATH = "$(LOCAL_LIBRARY_DIR)/Frameworks";
				IPHONEOS_DEPLOYMENT_TARGET = 16.0;
				LD_RUNPATH_SEARCH_PATHS = (
					"@executable_path/Frameworks",
					"@loader_path/Frameworks",
				);
				"LD_RUNPATH_SEARCH_PATHS[sdk=macosx*]" = (
					"@executable_path/../Frameworks",
					"@loader_path/Frameworks",
				);
				MACH_O_TYPE = staticlib;
				MACOSX_DEPLOYMENT_TARGET = 12.3;
				MARKETING_VERSION = 1.0;
				PRODUCT_BUNDLE_IDENTIFIER = com.emerge.CommunicationFrame;
				PRODUCT_NAME = "$(TARGET_NAME:c99extidentifier)";
				SDKROOT = auto;
				SKIP_INSTALL = YES;
				SUPPORTED_PLATFORMS = "iphoneos iphonesimulator macosx";
				SWIFT_COMPILATION_MODE = wholemodule;
				SWIFT_EMIT_LOC_STRINGS = YES;
				SWIFT_OPTIMIZATION_LEVEL = "-O";
				SWIFT_VERSION = 5.0;
				TARGETED_DEVICE_FAMILY = "1,2";
			};
			name = Release;
		};
		F4BDB1FC29B6932F00996FDB /* Debug */ = {
			isa = XCBuildConfiguration;
			buildSettings = {
				ARCHS = "$(ARCHS_STANDARD)";
				CLANG_ENABLE_MODULES = YES;
				CODE_SIGN_ENTITLEMENTS = ETTraceRunner/ETTraceRunner.entitlements;
				CODE_SIGN_IDENTITY = "Apple Development";
				"CODE_SIGN_IDENTITY[sdk=macosx*]" = "Apple Development";
				CODE_SIGN_STYLE = Automatic;
				DEVELOPMENT_TEAM = 62J2XHNK9T;
				ENABLE_HARDENED_RUNTIME = NO;
				MACOSX_DEPLOYMENT_TARGET = 12.3;
				PRODUCT_NAME = "$(TARGET_NAME)";
				PROVISIONING_PROFILE_SPECIFIER = "";
				SDKROOT = macosx;
				SWIFT_ACTIVE_COMPILATION_CONDITIONS = DEBUG;
				SWIFT_OBJC_BRIDGING_HEADER = "ETTraceRunner/ETTraceRunner-Bridging-Header.h";
				SWIFT_OPTIMIZATION_LEVEL = "-Onone";
				SWIFT_VERSION = 5.0;
			};
			name = Debug;
		};
		F4BDB1FD29B6932F00996FDB /* Release */ = {
			isa = XCBuildConfiguration;
			buildSettings = {
				ARCHS = "$(ARCHS_STANDARD)";
				CLANG_ENABLE_MODULES = YES;
				CODE_SIGN_ENTITLEMENTS = ETTraceRunner/ETTraceRunner.entitlements;
				CODE_SIGN_IDENTITY = "Apple Development";
				"CODE_SIGN_IDENTITY[sdk=macosx*]" = "Apple Development";
				CODE_SIGN_STYLE = Automatic;
				DEVELOPMENT_TEAM = 62J2XHNK9T;
				ENABLE_HARDENED_RUNTIME = NO;
				MACOSX_DEPLOYMENT_TARGET = 12.3;
				PRODUCT_NAME = "$(TARGET_NAME)";
				PROVISIONING_PROFILE_SPECIFIER = "";
				SDKROOT = macosx;
				SWIFT_COMPILATION_MODE = wholemodule;
				SWIFT_OBJC_BRIDGING_HEADER = "ETTraceRunner/ETTraceRunner-Bridging-Header.h";
				SWIFT_OPTIMIZATION_LEVEL = "-O";
				SWIFT_VERSION = 5.0;
			};
			name = Release;
		};
		FA1A91A3294373F600D70989 /* Debug */ = {
			isa = XCBuildConfiguration;
			buildSettings = {
				ALWAYS_SEARCH_USER_PATHS = NO;
				ARCHS = "$(ARCHS_STANDARD)";
				CLANG_ANALYZER_NONNULL = YES;
				CLANG_ANALYZER_NUMBER_OBJECT_CONVERSION = YES_AGGRESSIVE;
				CLANG_CXX_LANGUAGE_STANDARD = "gnu++20";
				CLANG_ENABLE_MODULES = YES;
				CLANG_ENABLE_OBJC_ARC = YES;
				CLANG_ENABLE_OBJC_WEAK = YES;
				CLANG_WARN_BLOCK_CAPTURE_AUTORELEASING = YES;
				CLANG_WARN_BOOL_CONVERSION = YES;
				CLANG_WARN_COMMA = YES;
				CLANG_WARN_CONSTANT_CONVERSION = YES;
				CLANG_WARN_DEPRECATED_OBJC_IMPLEMENTATIONS = YES;
				CLANG_WARN_DIRECT_OBJC_ISA_USAGE = YES_ERROR;
				CLANG_WARN_DOCUMENTATION_COMMENTS = YES;
				CLANG_WARN_EMPTY_BODY = YES;
				CLANG_WARN_ENUM_CONVERSION = YES;
				CLANG_WARN_INFINITE_RECURSION = YES;
				CLANG_WARN_INT_CONVERSION = YES;
				CLANG_WARN_NON_LITERAL_NULL_CONVERSION = YES;
				CLANG_WARN_OBJC_IMPLICIT_RETAIN_SELF = YES;
				CLANG_WARN_OBJC_LITERAL_CONVERSION = YES;
				CLANG_WARN_OBJC_ROOT_CLASS = YES_ERROR;
				CLANG_WARN_QUOTED_INCLUDE_IN_FRAMEWORK_HEADER = YES;
				CLANG_WARN_RANGE_LOOP_ANALYSIS = YES;
				CLANG_WARN_STRICT_PROTOTYPES = YES;
				CLANG_WARN_SUSPICIOUS_MOVE = YES;
				CLANG_WARN_UNGUARDED_AVAILABILITY = YES_AGGRESSIVE;
				CLANG_WARN_UNREACHABLE_CODE = YES;
				CLANG_WARN__DUPLICATE_METHOD_MATCH = YES;
				COPY_PHASE_STRIP = NO;
				CURRENT_PROJECT_VERSION = 1;
				DEBUG_INFORMATION_FORMAT = dwarf;
				ENABLE_STRICT_OBJC_MSGSEND = YES;
				ENABLE_TESTABILITY = YES;
				GCC_C_LANGUAGE_STANDARD = gnu11;
				GCC_DYNAMIC_NO_PIC = NO;
				GCC_NO_COMMON_BLOCKS = YES;
				GCC_OPTIMIZATION_LEVEL = 0;
				GCC_PREPROCESSOR_DEFINITIONS = (
					"DEBUG=1",
					"$(inherited)",
				);
				GCC_WARN_64_TO_32_BIT_CONVERSION = YES;
				GCC_WARN_ABOUT_RETURN_TYPE = YES_ERROR;
				GCC_WARN_UNDECLARED_SELECTOR = YES;
				GCC_WARN_UNINITIALIZED_AUTOS = YES_AGGRESSIVE;
				GCC_WARN_UNUSED_FUNCTION = YES;
				GCC_WARN_UNUSED_VARIABLE = YES;
				IPHONEOS_DEPLOYMENT_TARGET = 16.1;
				MTL_ENABLE_DEBUG_INFO = INCLUDE_SOURCE;
				MTL_FAST_MATH = YES;
				ONLY_ACTIVE_ARCH = YES;
				SDKROOT = iphoneos;
				VERSIONING_SYSTEM = "apple-generic";
				VERSION_INFO_PREFIX = "";
			};
			name = Debug;
		};
		FA1A91A4294373F600D70989 /* Release */ = {
			isa = XCBuildConfiguration;
			buildSettings = {
				ALWAYS_SEARCH_USER_PATHS = NO;
				ARCHS = "$(ARCHS_STANDARD)";
				CLANG_ANALYZER_NONNULL = YES;
				CLANG_ANALYZER_NUMBER_OBJECT_CONVERSION = YES_AGGRESSIVE;
				CLANG_CXX_LANGUAGE_STANDARD = "gnu++20";
				CLANG_ENABLE_MODULES = YES;
				CLANG_ENABLE_OBJC_ARC = YES;
				CLANG_ENABLE_OBJC_WEAK = YES;
				CLANG_WARN_BLOCK_CAPTURE_AUTORELEASING = YES;
				CLANG_WARN_BOOL_CONVERSION = YES;
				CLANG_WARN_COMMA = YES;
				CLANG_WARN_CONSTANT_CONVERSION = YES;
				CLANG_WARN_DEPRECATED_OBJC_IMPLEMENTATIONS = YES;
				CLANG_WARN_DIRECT_OBJC_ISA_USAGE = YES_ERROR;
				CLANG_WARN_DOCUMENTATION_COMMENTS = YES;
				CLANG_WARN_EMPTY_BODY = YES;
				CLANG_WARN_ENUM_CONVERSION = YES;
				CLANG_WARN_INFINITE_RECURSION = YES;
				CLANG_WARN_INT_CONVERSION = YES;
				CLANG_WARN_NON_LITERAL_NULL_CONVERSION = YES;
				CLANG_WARN_OBJC_IMPLICIT_RETAIN_SELF = YES;
				CLANG_WARN_OBJC_LITERAL_CONVERSION = YES;
				CLANG_WARN_OBJC_ROOT_CLASS = YES_ERROR;
				CLANG_WARN_QUOTED_INCLUDE_IN_FRAMEWORK_HEADER = YES;
				CLANG_WARN_RANGE_LOOP_ANALYSIS = YES;
				CLANG_WARN_STRICT_PROTOTYPES = YES;
				CLANG_WARN_SUSPICIOUS_MOVE = YES;
				CLANG_WARN_UNGUARDED_AVAILABILITY = YES_AGGRESSIVE;
				CLANG_WARN_UNREACHABLE_CODE = YES;
				CLANG_WARN__DUPLICATE_METHOD_MATCH = YES;
				COPY_PHASE_STRIP = NO;
				CURRENT_PROJECT_VERSION = 1;
				DEBUG_INFORMATION_FORMAT = "dwarf-with-dsym";
				ENABLE_NS_ASSERTIONS = NO;
				ENABLE_STRICT_OBJC_MSGSEND = YES;
				GCC_C_LANGUAGE_STANDARD = gnu11;
				GCC_NO_COMMON_BLOCKS = YES;
				GCC_WARN_64_TO_32_BIT_CONVERSION = YES;
				GCC_WARN_ABOUT_RETURN_TYPE = YES_ERROR;
				GCC_WARN_UNDECLARED_SELECTOR = YES;
				GCC_WARN_UNINITIALIZED_AUTOS = YES_AGGRESSIVE;
				GCC_WARN_UNUSED_FUNCTION = YES;
				GCC_WARN_UNUSED_VARIABLE = YES;
				IPHONEOS_DEPLOYMENT_TARGET = 16.1;
				MTL_ENABLE_DEBUG_INFO = NO;
				MTL_FAST_MATH = YES;
				SDKROOT = iphoneos;
				VALIDATE_PRODUCT = YES;
				VERSIONING_SYSTEM = "apple-generic";
				VERSION_INFO_PREFIX = "";
			};
			name = Release;
		};
		FA1A91A6294373F600D70989 /* Debug */ = {
			isa = XCBuildConfiguration;
			buildSettings = {
				ARCHS = "$(ARCHS_STANDARD)";
				CODE_SIGN_STYLE = Automatic;
				CURRENT_PROJECT_VERSION = 1;
				DEFINES_MODULE = YES;
				DEVELOPMENT_TEAM = 62J2XHNK9T;
				DYLIB_COMPATIBILITY_VERSION = 1;
				DYLIB_CURRENT_VERSION = 1;
				DYLIB_INSTALL_NAME_BASE = "@rpath";
				GENERATE_INFOPLIST_FILE = YES;
				INFOPLIST_KEY_NSHumanReadableCopyright = "";
				INSTALL_PATH = "$(LOCAL_LIBRARY_DIR)/Frameworks";
				IPHONEOS_DEPLOYMENT_TARGET = 14.0;
				LD_RUNPATH_SEARCH_PATHS = (
					"$(inherited)",
					"@executable_path/Frameworks",
					"@loader_path/Frameworks",
				);
				MARKETING_VERSION = 1.0;
				PRODUCT_BUNDLE_IDENTIFIER = com.emerge.ETTrace;
				PRODUCT_NAME = "$(TARGET_NAME:c99extidentifier)";
				SKIP_INSTALL = YES;
				SWIFT_EMIT_LOC_STRINGS = YES;
				TARGETED_DEVICE_FAMILY = "1,2";
			};
			name = Debug;
		};
		FA1A91A7294373F600D70989 /* Release */ = {
			isa = XCBuildConfiguration;
			buildSettings = {
				ARCHS = "$(ARCHS_STANDARD)";
				CODE_SIGN_STYLE = Automatic;
				CURRENT_PROJECT_VERSION = 1;
				DEFINES_MODULE = YES;
				DEVELOPMENT_TEAM = 62J2XHNK9T;
				DYLIB_COMPATIBILITY_VERSION = 1;
				DYLIB_CURRENT_VERSION = 1;
				DYLIB_INSTALL_NAME_BASE = "@rpath";
				GENERATE_INFOPLIST_FILE = YES;
				INFOPLIST_KEY_NSHumanReadableCopyright = "";
				INSTALL_PATH = "$(LOCAL_LIBRARY_DIR)/Frameworks";
				IPHONEOS_DEPLOYMENT_TARGET = 14.0;
				LD_RUNPATH_SEARCH_PATHS = (
					"$(inherited)",
					"@executable_path/Frameworks",
					"@loader_path/Frameworks",
				);
				MARKETING_VERSION = 1.0;
				PRODUCT_BUNDLE_IDENTIFIER = com.emerge.ETTrace;
				PRODUCT_NAME = "$(TARGET_NAME:c99extidentifier)";
				SKIP_INSTALL = YES;
				SWIFT_EMIT_LOC_STRINGS = YES;
				TARGETED_DEVICE_FAMILY = "1,2";
			};
			name = Release;
		};
		FA5D8DD829E899CC006BEBF4 /* Debug */ = {
			isa = XCBuildConfiguration;
			buildSettings = {
				CODE_SIGN_STYLE = Automatic;
				CURRENT_PROJECT_VERSION = 1;
				DEFINES_MODULE = YES;
				DEVELOPMENT_TEAM = 62J2XHNK9T;
				DYLIB_COMPATIBILITY_VERSION = 1;
				DYLIB_CURRENT_VERSION = 1;
				DYLIB_INSTALL_NAME_BASE = "@rpath";
				ENABLE_MODULE_VERIFIER = YES;
				GENERATE_INFOPLIST_FILE = YES;
				INFOPLIST_KEY_NSHumanReadableCopyright = "";
				INSTALL_PATH = "$(LOCAL_LIBRARY_DIR)/Frameworks";
				IPHONEOS_DEPLOYMENT_TARGET = 16.0;
				LD_RUNPATH_SEARCH_PATHS = (
					"@executable_path/Frameworks",
					"@loader_path/Frameworks",
				);
				"LD_RUNPATH_SEARCH_PATHS[sdk=macosx*]" = (
					"@executable_path/../Frameworks",
					"@loader_path/Frameworks",
				);
				MACH_O_TYPE = staticlib;
				MACOSX_DEPLOYMENT_TARGET = 12.3;
				MARKETING_VERSION = 1.0;
				MODULE_VERIFIER_SUPPORTED_LANGUAGES = "objective-c objective-c++";
				MODULE_VERIFIER_SUPPORTED_LANGUAGE_STANDARDS = "gnu11 gnu++20";
				PRODUCT_BUNDLE_IDENTIFIER = com.emerge.ETModels;
				PRODUCT_NAME = "$(TARGET_NAME:c99extidentifier)";
				SDKROOT = auto;
				SKIP_INSTALL = YES;
				SUPPORTED_PLATFORMS = "iphoneos iphonesimulator macosx";
				SWIFT_ACTIVE_COMPILATION_CONDITIONS = DEBUG;
				SWIFT_EMIT_LOC_STRINGS = YES;
				SWIFT_OPTIMIZATION_LEVEL = "-Onone";
				SWIFT_VERSION = 5.0;
				TARGETED_DEVICE_FAMILY = "1,2";
			};
			name = Debug;
		};
		FA5D8DD929E899CC006BEBF4 /* Release */ = {
			isa = XCBuildConfiguration;
			buildSettings = {
				CODE_SIGN_STYLE = Automatic;
				CURRENT_PROJECT_VERSION = 1;
				DEFINES_MODULE = YES;
				DEVELOPMENT_TEAM = 62J2XHNK9T;
				DYLIB_COMPATIBILITY_VERSION = 1;
				DYLIB_CURRENT_VERSION = 1;
				DYLIB_INSTALL_NAME_BASE = "@rpath";
				ENABLE_MODULE_VERIFIER = YES;
				GENERATE_INFOPLIST_FILE = YES;
				INFOPLIST_KEY_NSHumanReadableCopyright = "";
				INSTALL_PATH = "$(LOCAL_LIBRARY_DIR)/Frameworks";
				IPHONEOS_DEPLOYMENT_TARGET = 16.0;
				LD_RUNPATH_SEARCH_PATHS = (
					"@executable_path/Frameworks",
					"@loader_path/Frameworks",
				);
				"LD_RUNPATH_SEARCH_PATHS[sdk=macosx*]" = (
					"@executable_path/../Frameworks",
					"@loader_path/Frameworks",
				);
				MACH_O_TYPE = staticlib;
				MACOSX_DEPLOYMENT_TARGET = 12.3;
				MARKETING_VERSION = 1.0;
				MODULE_VERIFIER_SUPPORTED_LANGUAGES = "objective-c objective-c++";
				MODULE_VERIFIER_SUPPORTED_LANGUAGE_STANDARDS = "gnu11 gnu++20";
				PRODUCT_BUNDLE_IDENTIFIER = com.emerge.ETModels;
				PRODUCT_NAME = "$(TARGET_NAME:c99extidentifier)";
				SDKROOT = auto;
				SKIP_INSTALL = YES;
				SUPPORTED_PLATFORMS = "iphoneos iphonesimulator macosx";
				SWIFT_COMPILATION_MODE = wholemodule;
				SWIFT_EMIT_LOC_STRINGS = YES;
				SWIFT_OPTIMIZATION_LEVEL = "-O";
				SWIFT_VERSION = 5.0;
				TARGETED_DEVICE_FAMILY = "1,2";
			};
			name = Release;
		};
/* End XCBuildConfiguration section */

/* Begin XCConfigurationList section */
		F4BDB1E529B68B0B00996FDB /* Build configuration list for PBXNativeTarget "CommunicationFrame" */ = {
			isa = XCConfigurationList;
			buildConfigurations = (
				F4BDB1E329B68B0B00996FDB /* Debug */,
				F4BDB1E429B68B0B00996FDB /* Release */,
			);
			defaultConfigurationIsVisible = 0;
			defaultConfigurationName = Release;
		};
		F4BDB1FB29B6932F00996FDB /* Build configuration list for PBXNativeTarget "ETTraceRunner" */ = {
			isa = XCConfigurationList;
			buildConfigurations = (
				F4BDB1FC29B6932F00996FDB /* Debug */,
				F4BDB1FD29B6932F00996FDB /* Release */,
			);
			defaultConfigurationIsVisible = 0;
			defaultConfigurationName = Release;
		};
		FA1A9198294373F600D70989 /* Build configuration list for PBXProject "ETTrace" */ = {
			isa = XCConfigurationList;
			buildConfigurations = (
				FA1A91A3294373F600D70989 /* Debug */,
				FA1A91A4294373F600D70989 /* Release */,
			);
			defaultConfigurationIsVisible = 0;
			defaultConfigurationName = Release;
		};
		FA1A91A5294373F600D70989 /* Build configuration list for PBXNativeTarget "ETTrace" */ = {
			isa = XCConfigurationList;
			buildConfigurations = (
				FA1A91A6294373F600D70989 /* Debug */,
				FA1A91A7294373F600D70989 /* Release */,
			);
			defaultConfigurationIsVisible = 0;
			defaultConfigurationName = Release;
		};
		FA5D8DD729E899CC006BEBF4 /* Build configuration list for PBXNativeTarget "ETModels" */ = {
			isa = XCConfigurationList;
			buildConfigurations = (
				FA5D8DD829E899CC006BEBF4 /* Debug */,
				FA5D8DD929E899CC006BEBF4 /* Release */,
			);
			defaultConfigurationIsVisible = 0;
			defaultConfigurationName = Release;
		};
/* End XCConfigurationList section */

/* Begin XCRemoteSwiftPackageReference section */
		F49161E22A2FC585004A7415 /* XCRemoteSwiftPackageReference "peertalk" */ = {
			isa = XCRemoteSwiftPackageReference;
			repositoryURL = "https://github.com/EmergeTools/peertalk.git";
			requirement = {
				branch = feature/spm;
				kind = branch;
			};
		};
		F4BDB20329B693BB00996FDB /* XCRemoteSwiftPackageReference "swift-argument-parser" */ = {
			isa = XCRemoteSwiftPackageReference;
			repositoryURL = "https://github.com/apple/swift-argument-parser.git";
			requirement = {
				kind = upToNextMajorVersion;
				minimumVersion = 1.0.0;
			};
		};
		F4CB9D2929B7BA2400F50446 /* XCRemoteSwiftPackageReference "swifter" */ = {
			isa = XCRemoteSwiftPackageReference;
			repositoryURL = "https://github.com/httpswift/swifter";
			requirement = {
				kind = upToNextMajorVersion;
				minimumVersion = 1.0.0;
			};
		};
/* End XCRemoteSwiftPackageReference section */

/* Begin XCSwiftPackageProductDependency section */
		F49161E32A2FC585004A7415 /* Peertalk */ = {
			isa = XCSwiftPackageProductDependency;
			package = F49161E22A2FC585004A7415 /* XCRemoteSwiftPackageReference "peertalk" */;
			productName = Peertalk;
		};
		F49161EA2A2FC5CC004A7415 /* Peertalk */ = {
			isa = XCSwiftPackageProductDependency;
			package = F49161E22A2FC585004A7415 /* XCRemoteSwiftPackageReference "peertalk" */;
			productName = Peertalk;
		};
		F4BDB20629B693CA00996FDB /* ArgumentParser */ = {
			isa = XCSwiftPackageProductDependency;
			package = F4BDB20329B693BB00996FDB /* XCRemoteSwiftPackageReference "swift-argument-parser" */;
			productName = ArgumentParser;
		};
		F4BDB20829B6942100996FDB /* ArgumentParser */ = {
			isa = XCSwiftPackageProductDependency;
			package = F4BDB20329B693BB00996FDB /* XCRemoteSwiftPackageReference "swift-argument-parser" */;
			productName = ArgumentParser;
		};
		F4CB9D2C29B7BBF000F50446 /* Swifter */ = {
			isa = XCSwiftPackageProductDependency;
			package = F4CB9D2929B7BA2400F50446 /* XCRemoteSwiftPackageReference "swifter" */;
			productName = Swifter;
		};
/* End XCSwiftPackageProductDependency section */
	};
	rootObject = FA1A9195294373F600D70989 /* Project object */;
}
