PODS:
  - FirebaseCrashlytics (8.13.0)

DEPENDENCIES:
  - FirebaseCrashlytics (from `../Unwinding`)

EXTERNAL SOURCES:
  FirebaseCrashlytics:
    :path: "../Unwinding"

SPEC CHECKSUMS:
  FirebaseCrashlytics: 96b90aadd4f43dd7d7072696377a00865ed1988b

PODFILE CHECKSUM: 7c7cc855908f936ccbf50ed09433e5261aa5805e

COCOAPODS: 1.11.3
